
Microsoft Visual Studio Solution File, Format Version 12.00
# Visual Studio 2012
Project("{FAE04EC0-301F-11D3-BF4B-00C04F79EFBC}") = "GoClimb.Core", "GoClimb.Core\GoClimb.Core.csproj", "{995A82B8-9885-4B87-9221-9D46B8EB113A}"
EndProject
Project("{FAE04EC0-301F-11D3-BF4B-00C04F79EFBC}") = "GoClimb.Droid", "GoClimb.Droid\GoClimb.Droid.csproj", "{B1F4C842-375B-4B75-89FD-E66E60970D6C}"
EndProject
Project("{FAE04EC0-301F-11D3-BF4B-00C04F79EFBC}") = "GoClimb.iOS", "GoClimb.iOS\GoClimb.iOS.csproj", "{44DB1FC8-E68A-4EC1-8AE5-EE58B5660B72}"
EndProject
Global
	GlobalSection(SolutionConfigurationPlatforms) = preSolution
		Debug|Any CPU = Debug|Any CPU
		Release|Any CPU = Release|Any CPU
		Debug|iPhoneSimulator = Debug|iPhoneSimulator
		Release|iPhone = Release|iPhone
		Release|iPhoneSimulator = Release|iPhoneSimulator
		Debug|iPhone = Debug|iPhone
	EndGlobalSection
	GlobalSection(ProjectConfigurationPlatforms) = postSolution
		{995A82B8-9885-4B87-9221-9D46B8EB113A}.Debug|Any CPU.ActiveCfg = Debug|Any CPU
		{995A82B8-9885-4B87-9221-9D46B8EB113A}.Debug|Any CPU.Build.0 = Debug|Any CPU
		{995A82B8-9885-4B87-9221-9D46B8EB113A}.Release|Any CPU.ActiveCfg = Release|Any CPU
		{995A82B8-9885-4B87-9221-9D46B8EB113A}.Release|Any CPU.Build.0 = Release|Any CPU
		{995A82B8-9885-4B87-9221-9D46B8EB113A}.Debug|iPhoneSimulator.ActiveCfg = Debug|Any CPU
		{995A82B8-9885-4B87-9221-9D46B8EB113A}.Debug|iPhoneSimulator.Build.0 = Debug|Any CPU
		{995A82B8-9885-4B87-9221-9D46B8EB113A}.Release|iPhone.ActiveCfg = Release|Any CPU
		{995A82B8-9885-4B87-9221-9D46B8EB113A}.Release|iPhone.Build.0 = Release|Any CPU
		{995A82B8-9885-4B87-9221-9D46B8EB113A}.Release|iPhoneSimulator.ActiveCfg = Release|Any CPU
		{995A82B8-9885-4B87-9221-9D46B8EB113A}.Release|iPhoneSimulator.Build.0 = Release|Any CPU
		{995A82B8-9885-4B87-9221-9D46B8EB113A}.Debug|iPhone.ActiveCfg = Debug|Any CPU
		{995A82B8-9885-4B87-9221-9D46B8EB113A}.Debug|iPhone.Build.0 = Debug|Any CPU
		{B1F4C842-375B-4B75-89FD-E66E60970D6C}.Debug|Any CPU.ActiveCfg = Debug|Any CPU
		{B1F4C842-375B-4B75-89FD-E66E60970D6C}.Debug|Any CPU.Build.0 = Debug|Any CPU
		{B1F4C842-375B-4B75-89FD-E66E60970D6C}.Release|Any CPU.ActiveCfg = Release|Any CPU
		{B1F4C842-375B-4B75-89FD-E66E60970D6C}.Release|Any CPU.Build.0 = Release|Any CPU
		{B1F4C842-375B-4B75-89FD-E66E60970D6C}.Debug|iPhoneSimulator.ActiveCfg = Debug|Any CPU
		{B1F4C842-375B-4B75-89FD-E66E60970D6C}.Debug|iPhoneSimulator.Build.0 = Debug|Any CPU
		{B1F4C842-375B-4B75-89FD-E66E60970D6C}.Release|iPhone.ActiveCfg = Release|Any CPU
		{B1F4C842-375B-4B75-89FD-E66E60970D6C}.Release|iPhone.Build.0 = Release|Any CPU
		{B1F4C842-375B-4B75-89FD-E66E60970D6C}.Release|iPhoneSimulator.ActiveCfg = Release|Any CPU
		{B1F4C842-375B-4B75-89FD-E66E60970D6C}.Release|iPhoneSimulator.Build.0 = Release|Any CPU
		{B1F4C842-375B-4B75-89FD-E66E60970D6C}.Debug|iPhone.ActiveCfg = Debug|Any CPU
		{B1F4C842-375B-4B75-89FD-E66E60970D6C}.Debug|iPhone.Build.0 = Debug|Any CPU
		{44DB1FC8-E68A-4EC1-8AE5-EE58B5660B72}.Debug|Any CPU.ActiveCfg = Debug|iPhoneSimulator
		{44DB1FC8-E68A-4EC1-8AE5-EE58B5660B72}.Debug|Any CPU.Build.0 = Debug|iPhoneSimulator
		{44DB1FC8-E68A-4EC1-8AE5-EE58B5660B72}.Release|Any CPU.ActiveCfg = Release|iPhone
		{44DB1FC8-E68A-4EC1-8AE5-EE58B5660B72}.Release|Any CPU.Build.0 = Release|iPhone
		{44DB1FC8-E68A-4EC1-8AE5-EE58B5660B72}.Debug|iPhoneSimulator.ActiveCfg = Debug|iPhoneSimulator
		{44DB1FC8-E68A-4EC1-8AE5-EE58B5660B72}.Debug|iPhoneSimulator.Build.0 = Debug|iPhoneSimulator
		{44DB1FC8-E68A-4EC1-8AE5-EE58B5660B72}.Release|iPhone.ActiveCfg = Release|iPhone
		{44DB1FC8-E68A-4EC1-8AE5-EE58B5660B72}.Release|iPhone.Build.0 = Release|iPhone
		{44DB1FC8-E68A-4EC1-8AE5-EE58B5660B72}.Release|iPhoneSimulator.ActiveCfg = Release|iPhoneSimulator
		{44DB1FC8-E68A-4EC1-8AE5-EE58B5660B72}.Release|iPhoneSimulator.Build.0 = Release|iPhoneSimulator
		{44DB1FC8-E68A-4EC1-8AE5-EE58B5660B72}.Debug|iPhone.ActiveCfg = Debug|iPhone
		{44DB1FC8-E68A-4EC1-8AE5-EE58B5660B72}.Debug|iPhone.Build.0 = Debug|iPhone
	EndGlobalSection
EndGlobal
